
Microsoft Visual Studio Solution File, Format Version 12.00
# Visual Studio Version 17
VisualStudioVersion = 17.8.34408.163
MinimumVisualStudioVersion = 10.0.40219.1
Project("{FAE04EC0-301F-11D3-BF4B-00C04F79EFBC}") = "WebApplication1", "WebApplication1\WebApplication1.csproj", "{EF78CE66-7BFA-4129-BEC2-71C0C003343A}"
EndProject
Global
	GlobalSection(SolutionConfigurationPlatforms) = preSolution
		Debug|Any CPU = Debug|Any CPU
		Release|Any CPU = Release|Any CPU
	EndGlobalSection
	GlobalSection(ProjectConfigurationPlatforms) = postSolution
		{EF78CE66-7BFA-4129-BEC2-71C0C003343A}.Debug|Any CPU.ActiveCfg = Debug|Any CPU
		{EF78CE66-7BFA-4129-BEC2-71C0C003343A}.Debug|Any CPU.Build.0 = Debug|Any CPU
		{EF78CE66-7BFA-4129-BEC2-71C0C003343A}.Release|Any CPU.ActiveCfg = Release|Any CPU
		{EF78CE66-7BFA-4129-BEC2-71C0C003343A}.Release|Any CPU.Build.0 = Release|Any CPU
	EndGlobalSection
	GlobalSection(SolutionProperties) = preSolution
		HideSolutionNode = FALSE
	EndGlobalSection
	GlobalSection(ExtensibilityGlobals) = postSolution
		SolutionGuid = {FAEFE334-A288-45E8-B99A-40FF603999B4}
	EndGlobalSection
EndGlobal
